// !$*UTF8*$!
{
	archiveVersion = 1;
	classes = {
	};
	objectVersion = 55;
	objects = {

/* Begin PBXBuildFile section */
		77D8F7A75EA3282F9AC846FB /* Pods_Todoey_app.framework in Frameworks */ = {isa = PBXBuildFile; fileRef = 46A2B20EE491B84C1EA9CA67 /* Pods_Todoey_app.framework */; };
		F084BC21285B95F900D6A9E8 /* AppDelegate.swift in Sources */ = {isa = PBXBuildFile; fileRef = F084BC20285B95F900D6A9E8 /* AppDelegate.swift */; };
		F084BC23285B95F900D6A9E8 /* SceneDelegate.swift in Sources */ = {isa = PBXBuildFile; fileRef = F084BC22285B95F900D6A9E8 /* SceneDelegate.swift */; };
		F084BC25285B95F900D6A9E8 /* ToDoListViewController.swift in Sources */ = {isa = PBXBuildFile; fileRef = F084BC24285B95F900D6A9E8 /* ToDoListViewController.swift */; };
		F084BC28285B95F900D6A9E8 /* Main.storyboard in Resources */ = {isa = PBXBuildFile; fileRef = F084BC26285B95F900D6A9E8 /* Main.storyboard */; };
		F084BC2A285B95FD00D6A9E8 /* Assets.xcassets in Resources */ = {isa = PBXBuildFile; fileRef = F084BC29285B95FD00D6A9E8 /* Assets.xcassets */; };
		F084BC2D285B95FD00D6A9E8 /* LaunchScreen.storyboard in Resources */ = {isa = PBXBuildFile; fileRef = F084BC2B285B95FD00D6A9E8 /* LaunchScreen.storyboard */; };
		F09B13AF2860C87B003E517F /* CategoryViewController.swift in Sources */ = {isa = PBXBuildFile; fileRef = F09B13AE2860C87B003E517F /* CategoryViewController.swift */; };
		F09B13B22860F8C4003E517F /* Realm in Frameworks */ = {isa = PBXBuildFile; productRef = F09B13B12860F8C4003E517F /* Realm */; };
		F09B13B42860F8C4003E517F /* RealmSwift in Frameworks */ = {isa = PBXBuildFile; productRef = F09B13B32860F8C4003E517F /* RealmSwift */; };
		F09B13B82861012C003E517F /* Item.swift in Sources */ = {isa = PBXBuildFile; fileRef = F09B13B72861012C003E517F /* Item.swift */; };
		F09B13BA2861013C003E517F /* Category.swift in Sources */ = {isa = PBXBuildFile; fileRef = F09B13B92861013C003E517F /* Category.swift */; };
		F0DAA4522861E676008860BF /* SwipeCellKit in Frameworks */ = {isa = PBXBuildFile; productRef = F0DAA4512861E676008860BF /* SwipeCellKit */; };
		F0DAA45428620080008860BF /* SwipeTableViewController.swift in Sources */ = {isa = PBXBuildFile; fileRef = F0DAA45328620080008860BF /* SwipeTableViewController.swift */; };
/* End PBXBuildFile section */

/* Begin PBXFileReference section */
		46A2B20EE491B84C1EA9CA67 /* Pods_Todoey_app.framework */ = {isa = PBXFileReference; explicitFileType = wrapper.framework; includeInIndex = 0; path = Pods_Todoey_app.framework; sourceTree = BUILT_PRODUCTS_DIR; };
		4E289ED1B38B9CFF080F4DD2 /* Pods-Todoey-app.release.xcconfig */ = {isa = PBXFileReference; includeInIndex = 1; lastKnownFileType = text.xcconfig; name = "Pods-Todoey-app.release.xcconfig"; path = "Target Support Files/Pods-Todoey-app/Pods-Todoey-app.release.xcconfig"; sourceTree = "<group>"; };
		A80FE06C847C446488B283BD /* Pods-Todoey-app.debug.xcconfig */ = {isa = PBXFileReference; includeInIndex = 1; lastKnownFileType = text.xcconfig; name = "Pods-Todoey-app.debug.xcconfig"; path = "Target Support Files/Pods-Todoey-app/Pods-Todoey-app.debug.xcconfig"; sourceTree = "<group>"; };
		F084BC1D285B95F900D6A9E8 /* Todoey-app.app */ = {isa = PBXFileReference; explicitFileType = wrapper.application; includeInIndex = 0; path = "Todoey-app.app"; sourceTree = BUILT_PRODUCTS_DIR; };
		F084BC20285B95F900D6A9E8 /* AppDelegate.swift */ = {isa = PBXFileReference; lastKnownFileType = sourcecode.swift; path = AppDelegate.swift; sourceTree = "<group>"; };
		F084BC22285B95F900D6A9E8 /* SceneDelegate.swift */ = {isa = PBXFileReference; lastKnownFileType = sourcecode.swift; path = SceneDelegate.swift; sourceTree = "<group>"; };
		F084BC24285B95F900D6A9E8 /* ToDoListViewController.swift */ = {isa = PBXFileReference; lastKnownFileType = sourcecode.swift; path = ToDoListViewController.swift; sourceTree = "<group>"; };
		F084BC27285B95F900D6A9E8 /* Base */ = {isa = PBXFileReference; lastKnownFileType = file.storyboard; name = Base; path = Base.lproj/Main.storyboard; sourceTree = "<group>"; };
		F084BC29285B95FD00D6A9E8 /* Assets.xcassets */ = {isa = PBXFileReference; lastKnownFileType = folder.assetcatalog; path = Assets.xcassets; sourceTree = "<group>"; };
		F084BC2C285B95FD00D6A9E8 /* Base */ = {isa = PBXFileReference; lastKnownFileType = file.storyboard; name = Base; path = Base.lproj/LaunchScreen.storyboard; sourceTree = "<group>"; };
		F084BC2E285B95FD00D6A9E8 /* Info.plist */ = {isa = PBXFileReference; lastKnownFileType = text.plist.xml; path = Info.plist; sourceTree = "<group>"; };
		F09B13AE2860C87B003E517F /* CategoryViewController.swift */ = {isa = PBXFileReference; lastKnownFileType = sourcecode.swift; path = CategoryViewController.swift; sourceTree = SOURCE_ROOT; };
		F09B13B72861012C003E517F /* Item.swift */ = {isa = PBXFileReference; lastKnownFileType = sourcecode.swift; path = Item.swift; sourceTree = "<group>"; };
		F09B13B92861013C003E517F /* Category.swift */ = {isa = PBXFileReference; lastKnownFileType = sourcecode.swift; path = Category.swift; sourceTree = "<group>"; };
		F0DAA45328620080008860BF /* SwipeTableViewController.swift */ = {isa = PBXFileReference; lastKnownFileType = sourcecode.swift; path = SwipeTableViewController.swift; sourceTree = SOURCE_ROOT; };
/* End PBXFileReference section */

/* Begin PBXFrameworksBuildPhase section */
		F084BC1A285B95F900D6A9E8 /* Frameworks */ = {
			isa = PBXFrameworksBuildPhase;
			buildActionMask = 2147483647;
			files = (
				F09B13B42860F8C4003E517F /* RealmSwift in Frameworks */,
				F0DAA4522861E676008860BF /* SwipeCellKit in Frameworks */,
				F09B13B22860F8C4003E517F /* Realm in Frameworks */,
				77D8F7A75EA3282F9AC846FB /* Pods_Todoey_app.framework in Frameworks */,
			);
			runOnlyForDeploymentPostprocessing = 0;
		};
/* End PBXFrameworksBuildPhase section */

/* Begin PBXGroup section */
		A4DF5E30099042D35F21EE27 /* Frameworks */ = {
			isa = PBXGroup;
			children = (
				46A2B20EE491B84C1EA9CA67 /* Pods_Todoey_app.framework */,
			);
			name = Frameworks;
			sourceTree = "<group>";
		};
		A754D6EE16CCAACD051424A4 /* Pods */ = {
			isa = PBXGroup;
			children = (
				A80FE06C847C446488B283BD /* Pods-Todoey-app.debug.xcconfig */,
				4E289ED1B38B9CFF080F4DD2 /* Pods-Todoey-app.release.xcconfig */,
			);
			name = Pods;
			path = Pods;
			sourceTree = "<group>";
		};
		F084BC14285B95F900D6A9E8 = {
			isa = PBXGroup;
			children = (
				F084BC1F285B95F900D6A9E8 /* Todoey-app */,
				F084BC1E285B95F900D6A9E8 /* Products */,
				A754D6EE16CCAACD051424A4 /* Pods */,
				A4DF5E30099042D35F21EE27 /* Frameworks */,
			);
			sourceTree = "<group>";
		};
		F084BC1E285B95F900D6A9E8 /* Products */ = {
			isa = PBXGroup;
			children = (
				F084BC1D285B95F900D6A9E8 /* Todoey-app.app */,
			);
			name = Products;
			sourceTree = "<group>";
		};
		F084BC1F285B95F900D6A9E8 /* Todoey-app */ = {
			isa = PBXGroup;
			children = (
				F084BC20285B95F900D6A9E8 /* AppDelegate.swift */,
				F084BC22285B95F900D6A9E8 /* SceneDelegate.swift */,
				F0DD2CDD285CB64B00FB8E73 /* Model */,
				F0DD2CE1285CB76700FB8E73 /* View */,
				F0DD2CE0285CB74E00FB8E73 /* Controller */,
				F0DD2CE2285CB78D00FB8E73 /* Supporting files */,
				F084BC2E285B95FD00D6A9E8 /* Info.plist */,
			);
			path = "Todoey-app";
			sourceTree = "<group>";
		};
		F0DD2CDD285CB64B00FB8E73 /* Model */ = {
			isa = PBXGroup;
			children = (
				F09B13B72861012C003E517F /* Item.swift */,
				F09B13B92861013C003E517F /* Category.swift */,
			);
			path = Model;
			sourceTree = "<group>";
		};
		F0DD2CE0285CB74E00FB8E73 /* Controller */ = {
			isa = PBXGroup;
			children = (
				F0DAA45328620080008860BF /* SwipeTableViewController.swift */,
				F09B13AE2860C87B003E517F /* CategoryViewController.swift */,
				F084BC24285B95F900D6A9E8 /* ToDoListViewController.swift */,
			);
			path = Controller;
			sourceTree = "<group>";
		};
		F0DD2CE1285CB76700FB8E73 /* View */ = {
			isa = PBXGroup;
			children = (
				F084BC26285B95F900D6A9E8 /* Main.storyboard */,
			);
			path = View;
			sourceTree = "<group>";
		};
		F0DD2CE2285CB78D00FB8E73 /* Supporting files */ = {
			isa = PBXGroup;
			children = (
				F084BC29285B95FD00D6A9E8 /* Assets.xcassets */,
				F084BC2B285B95FD00D6A9E8 /* LaunchScreen.storyboard */,
			);
			path = "Supporting files";
			sourceTree = "<group>";
		};
/* End PBXGroup section */

/* Begin PBXNativeTarget section */
		F084BC1C285B95F900D6A9E8 /* Todoey-app */ = {
			isa = PBXNativeTarget;
			buildConfigurationList = F084BC31285B95FD00D6A9E8 /* Build configuration list for PBXNativeTarget "Todoey-app" */;
			buildPhases = (
				022BBE3F84C9E986DA19FC40 /* [CP] Check Pods Manifest.lock */,
				F084BC19285B95F900D6A9E8 /* Sources */,
				F084BC1A285B95F900D6A9E8 /* Frameworks */,
				F084BC1B285B95F900D6A9E8 /* Resources */,
				58AF298298BD83AAB0DCE7E9 /* [CP] Embed Pods Frameworks */,
			);
			buildRules = (
			);
			dependencies = (
			);
			name = "Todoey-app";
			packageProductDependencies = (
				F09B13B12860F8C4003E517F /* Realm */,
				F09B13B32860F8C4003E517F /* RealmSwift */,
				F0DAA4512861E676008860BF /* SwipeCellKit */,
			);
			productName = "Todoey-app";
			productReference = F084BC1D285B95F900D6A9E8 /* Todoey-app.app */;
			productType = "com.apple.product-type.application";
		};
/* End PBXNativeTarget section */

/* Begin PBXProject section */
		F084BC15285B95F900D6A9E8 /* Project object */ = {
			isa = PBXProject;
			attributes = {
				BuildIndependentTargetsInParallel = 1;
				LastSwiftUpdateCheck = 1320;
				LastUpgradeCheck = 1320;
				TargetAttributes = {
					F084BC1C285B95F900D6A9E8 = {
						CreatedOnToolsVersion = 13.2.1;
					};
				};
			};
			buildConfigurationList = F084BC18285B95F900D6A9E8 /* Build configuration list for PBXProject "Todoey-app" */;
			compatibilityVersion = "Xcode 13.0";
			developmentRegion = en;
			hasScannedForEncodings = 0;
			knownRegions = (
				en,
				Base,
			);
			mainGroup = F084BC14285B95F900D6A9E8;
			packageReferences = (
				F09B13B02860F8C4003E517F /* XCRemoteSwiftPackageReference "realm-swift.git" */,
				F0DAA4502861E675008860BF /* XCRemoteSwiftPackageReference "SwipeCellKit" */,
			);
			productRefGroup = F084BC1E285B95F900D6A9E8 /* Products */;
			projectDirPath = "";
			projectRoot = "";
			targets = (
				F084BC1C285B95F900D6A9E8 /* Todoey-app */,
			);
		};
/* End PBXProject section */

/* Begin PBXResourcesBuildPhase section */
		F084BC1B285B95F900D6A9E8 /* Resources */ = {
			isa = PBXResourcesBuildPhase;
			buildActionMask = 2147483647;
			files = (
				F084BC2D285B95FD00D6A9E8 /* LaunchScreen.storyboard in Resources */,
				F084BC2A285B95FD00D6A9E8 /* Assets.xcassets in Resources */,
				F084BC28285B95F900D6A9E8 /* Main.storyboard in Resources */,
			);
			runOnlyForDeploymentPostprocessing = 0;
		};
/* End PBXResourcesBuildPhase section */

/* Begin PBXShellScriptBuildPhase section */
		022BBE3F84C9E986DA19FC40 /* [CP] Check Pods Manifest.lock */ = {
			isa = PBXShellScriptBuildPhase;
			buildActionMask = 2147483647;
			files = (
			);
			inputFileListPaths = (
			);
			inputPaths = (
				"${PODS_PODFILE_DIR_PATH}/Podfile.lock",
				"${PODS_ROOT}/Manifest.lock",
			);
			name = "[CP] Check Pods Manifest.lock";
			outputFileListPaths = (
			);
			outputPaths = (
				"$(DERIVED_FILE_DIR)/Pods-Todoey-app-checkManifestLockResult.txt",
			);
			runOnlyForDeploymentPostprocessing = 0;
			shellPath = /bin/sh;
			shellScript = "diff \"${PODS_PODFILE_DIR_PATH}/Podfile.lock\" \"${PODS_ROOT}/Manifest.lock\" > /dev/null\nif [ $? != 0 ] ; then\n    # print error to STDERR\n    echo \"error: The sandbox is not in sync with the Podfile.lock. Run 'pod install' or update your CocoaPods installation.\" >&2\n    exit 1\nfi\n# This output is used by Xcode 'outputs' to avoid re-running this script phase.\necho \"SUCCESS\" > \"${SCRIPT_OUTPUT_FILE_0}\"\n";
			showEnvVarsInLog = 0;
		};
		58AF298298BD83AAB0DCE7E9 /* [CP] Embed Pods Frameworks */ = {
			isa = PBXShellScriptBuildPhase;
			buildActionMask = 2147483647;
			files = (
			);
			inputFileListPaths = (
				"${PODS_ROOT}/Target Support Files/Pods-Todoey-app/Pods-Todoey-app-frameworks-${CONFIGURATION}-input-files.xcfilelist",
			);
			name = "[CP] Embed Pods Frameworks";
			outputFileListPaths = (
				"${PODS_ROOT}/Target Support Files/Pods-Todoey-app/Pods-Todoey-app-frameworks-${CONFIGURATION}-output-files.xcfilelist",
			);
			runOnlyForDeploymentPostprocessing = 0;
			shellPath = /bin/sh;
			shellScript = "\"${PODS_ROOT}/Target Support Files/Pods-Todoey-app/Pods-Todoey-app-frameworks.sh\"\n";
			showEnvVarsInLog = 0;
		};
/* End PBXShellScriptBuildPhase section */

/* Begin PBXSourcesBuildPhase section */
		F084BC19285B95F900D6A9E8 /* Sources */ = {
			isa = PBXSourcesBuildPhase;
			buildActionMask = 2147483647;
			files = (
				F09B13AF2860C87B003E517F /* CategoryViewController.swift in Sources */,
				F084BC25285B95F900D6A9E8 /* ToDoListViewController.swift in Sources */,
				F084BC21285B95F900D6A9E8 /* AppDelegate.swift in Sources */,
				F0DAA45428620080008860BF /* SwipeTableViewController.swift in Sources */,
				F09B13B82861012C003E517F /* Item.swift in Sources */,
				F084BC23285B95F900D6A9E8 /* SceneDelegate.swift in Sources */,
				F09B13BA2861013C003E517F /* Category.swift in Sources */,
			);
			runOnlyForDeploymentPostprocessing = 0;
		};
/* End PBXSourcesBuildPhase section */

/* Begin PBXVariantGroup section */
		F084BC26285B95F900D6A9E8 /* Main.storyboard */ = {
			isa = PBXVariantGroup;
			children = (
				F084BC27285B95F900D6A9E8 /* Base */,
			);
			name = Main.storyboard;
			sourceTree = "<group>";
		};
		F084BC2B285B95FD00D6A9E8 /* LaunchScreen.storyboard */ = {
			isa = PBXVariantGroup;
			children = (
				F084BC2C285B95FD00D6A9E8 /* Base */,
			);
			name = LaunchScreen.storyboard;
			sourceTree = "<group>";
		};
/* End PBXVariantGroup section */

/* Begin XCBuildConfiguration section */
		F084BC2F285B95FD00D6A9E8 /* Debug */ = {
			isa = XCBuildConfiguration;
			buildSettings = {
				ALWAYS_SEARCH_USER_PATHS = NO;
				CLANG_ANALYZER_NONNULL = YES;
				CLANG_ANALYZER_NUMBER_OBJECT_CONVERSION = YES_AGGRESSIVE;
				CLANG_CXX_LANGUAGE_STANDARD = "gnu++17";
				CLANG_CXX_LIBRARY = "libc++";
				CLANG_ENABLE_MODULES = YES;
				CLANG_ENABLE_OBJC_ARC = YES;
				CLANG_ENABLE_OBJC_WEAK = YES;
				CLANG_WARN_BLOCK_CAPTURE_AUTORELEASING = YES;
				CLANG_WARN_BOOL_CONVERSION = YES;
				CLANG_WARN_COMMA = YES;
				CLANG_WARN_CONSTANT_CONVERSION = YES;
				CLANG_WARN_DEPRECATED_OBJC_IMPLEMENTATIONS = YES;
				CLANG_WARN_DIRECT_OBJC_ISA_USAGE = YES_ERROR;
				CLANG_WARN_DOCUMENTATION_COMMENTS = YES;
				CLANG_WARN_EMPTY_BODY = YES;
				CLANG_WARN_ENUM_CONVERSION = YES;
				CLANG_WARN_INFINITE_RECURSION = YES;
				CLANG_WARN_INT_CONVERSION = YES;
				CLANG_WARN_NON_LITERAL_NULL_CONVERSION = YES;
				CLANG_WARN_OBJC_IMPLICIT_RETAIN_SELF = YES;
				CLANG_WARN_OBJC_LITERAL_CONVERSION = YES;
				CLANG_WARN_OBJC_ROOT_CLASS = YES_ERROR;
				CLANG_WARN_QUOTED_INCLUDE_IN_FRAMEWORK_HEADER = YES;
				CLANG_WARN_RANGE_LOOP_ANALYSIS = YES;
				CLANG_WARN_STRICT_PROTOTYPES = YES;
				CLANG_WARN_SUSPICIOUS_MOVE = YES;
				CLANG_WARN_UNGUARDED_AVAILABILITY = YES_AGGRESSIVE;
				CLANG_WARN_UNREACHABLE_CODE = YES;
				CLANG_WARN__DUPLICATE_METHOD_MATCH = YES;
				COPY_PHASE_STRIP = NO;
				DEBUG_INFORMATION_FORMAT = dwarf;
				ENABLE_STRICT_OBJC_MSGSEND = YES;
				ENABLE_TESTABILITY = YES;
				GCC_C_LANGUAGE_STANDARD = gnu11;
				GCC_DYNAMIC_NO_PIC = NO;
				GCC_NO_COMMON_BLOCKS = YES;
				GCC_OPTIMIZATION_LEVEL = 0;
				GCC_PREPROCESSOR_DEFINITIONS = (
					"DEBUG=1",
					"$(inherited)",
				);
				GCC_WARN_64_TO_32_BIT_CONVERSION = YES;
				GCC_WARN_ABOUT_RETURN_TYPE = YES_ERROR;
				GCC_WARN_UNDECLARED_SELECTOR = YES;
				GCC_WARN_UNINITIALIZED_AUTOS = YES_AGGRESSIVE;
				GCC_WARN_UNUSED_FUNCTION = YES;
				GCC_WARN_UNUSED_VARIABLE = YES;
				IPHONEOS_DEPLOYMENT_TARGET = 15.2;
				MTL_ENABLE_DEBUG_INFO = INCLUDE_SOURCE;
				MTL_FAST_MATH = YES;
				ONLY_ACTIVE_ARCH = YES;
				SDKROOT = iphoneos;
				SWIFT_ACTIVE_COMPILATION_CONDITIONS = DEBUG;
				SWIFT_OPTIMIZATION_LEVEL = "-Onone";
			};
			name = Debug;
		};
		F084BC30285B95FD00D6A9E8 /* Release */ = {
			isa = XCBuildConfiguration;
			buildSettings = {
				ALWAYS_SEARCH_USER_PATHS = NO;
				CLANG_ANALYZER_NONNULL = YES;
				CLANG_ANALYZER_NUMBER_OBJECT_CONVERSION = YES_AGGRESSIVE;
				CLANG_CXX_LANGUAGE_STANDARD = "gnu++17";
				CLANG_CXX_LIBRARY = "libc++";
				CLANG_ENABLE_MODULES = YES;
				CLANG_ENABLE_OBJC_ARC = YES;
				CLANG_ENABLE_OBJC_WEAK = YES;
				CLANG_WARN_BLOCK_CAPTURE_AUTORELEASING = YES;
				CLANG_WARN_BOOL_CONVERSION = YES;
				CLANG_WARN_COMMA = YES;
				CLANG_WARN_CONSTANT_CONVERSION = YES;
				CLANG_WARN_DEPRECATED_OBJC_IMPLEMENTATIONS = YES;
				CLANG_WARN_DIRECT_OBJC_ISA_USAGE = YES_ERROR;
				CLANG_WARN_DOCUMENTATION_COMMENTS = YES;
				CLANG_WARN_EMPTY_BODY = YES;
				CLANG_WARN_ENUM_CONVERSION = YES;
				CLANG_WARN_INFINITE_RECURSION = YES;
				CLANG_WARN_INT_CONVERSION = YES;
				CLANG_WARN_NON_LITERAL_NULL_CONVERSION = YES;
				CLANG_WARN_OBJC_IMPLICIT_RETAIN_SELF = YES;
				CLANG_WARN_OBJC_LITERAL_CONVERSION = YES;
				CLANG_WARN_OBJC_ROOT_CLASS = YES_ERROR;
				CLANG_WARN_QUOTED_INCLUDE_IN_FRAMEWORK_HEADER = YES;
				CLANG_WARN_RANGE_LOOP_ANALYSIS = YES;
				CLANG_WARN_STRICT_PROTOTYPES = YES;
				CLANG_WARN_SUSPICIOUS_MOVE = YES;
				CLANG_WARN_UNGUARDED_AVAILABILITY = YES_AGGRESSIVE;
				CLANG_WARN_UNREACHABLE_CODE = YES;
				CLANG_WARN__DUPLICATE_METHOD_MATCH = YES;
				COPY_PHASE_STRIP = NO;
				DEBUG_INFORMATION_FORMAT = "dwarf-with-dsym";
				ENABLE_NS_ASSERTIONS = NO;
				ENABLE_STRICT_OBJC_MSGSEND = YES;
				GCC_C_LANGUAGE_STANDARD = gnu11;
				GCC_NO_COMMON_BLOCKS = YES;
				GCC_WARN_64_TO_32_BIT_CONVERSION = YES;
				GCC_WARN_ABOUT_RETURN_TYPE = YES_ERROR;
				GCC_WARN_UNDECLARED_SELECTOR = YES;
				GCC_WARN_UNINITIALIZED_AUTOS = YES_AGGRESSIVE;
				GCC_WARN_UNUSED_FUNCTION = YES;
				GCC_WARN_UNUSED_VARIABLE = YES;
				IPHONEOS_DEPLOYMENT_TARGET = 15.2;
				MTL_ENABLE_DEBUG_INFO = NO;
				MTL_FAST_MATH = YES;
				SDKROOT = iphoneos;
				SWIFT_COMPILATION_MODE = wholemodule;
				SWIFT_OPTIMIZATION_LEVEL = "-O";
				VALIDATE_PRODUCT = YES;
			};
			name = Release;
		};
		F084BC32285B95FD00D6A9E8 /* Debug */ = {
			isa = XCBuildConfiguration;
			baseConfigurationReference = A80FE06C847C446488B283BD /* Pods-Todoey-app.debug.xcconfig */;
			buildSettings = {
				ASSETCATALOG_COMPILER_APPICON_NAME = AppIcon;
				ASSETCATALOG_COMPILER_GLOBAL_ACCENT_COLOR_NAME = AccentColor;
				CODE_SIGN_STYLE = Automatic;
				CURRENT_PROJECT_VERSION = 1;
				DEVELOPMENT_TEAM = K7YS9N6MSY;
				GENERATE_INFOPLIST_FILE = YES;
				INFOPLIST_FILE = "Todoey-app/Info.plist";
				INFOPLIST_KEY_UIApplicationSupportsIndirectInputEvents = YES;
				INFOPLIST_KEY_UILaunchStoryboardName = LaunchScreen;
				INFOPLIST_KEY_UIMainStoryboardFile = Main;
				INFOPLIST_KEY_UISupportedInterfaceOrientations_iPad = "UIInterfaceOrientationPortrait UIInterfaceOrientationPortraitUpsideDown UIInterfaceOrientationLandscapeLeft UIInterfaceOrientationLandscapeRight";
				INFOPLIST_KEY_UISupportedInterfaceOrientations_iPhone = "UIInterfaceOrientationPortrait UIInterfaceOrientationLandscapeLeft UIInterfaceOrientationLandscapeRight";
				LD_RUNPATH_SEARCH_PATHS = (
					"$(inherited)",
					"@executable_path/Frameworks",
				);
				MARKETING_VERSION = 1.0;
				PRODUCT_BUNDLE_IDENTIFIER = "com.stacysfish.Todoey-app";
				PRODUCT_NAME = "$(TARGET_NAME)";
				SWIFT_EMIT_LOC_STRINGS = YES;
				SWIFT_VERSION = 5.0;
				TARGETED_DEVICE_FAMILY = "1,2";
			};
			name = Debug;
		};
		F084BC33285B95FD00D6A9E8 /* Release */ = {
			isa = XCBuildConfiguration;
			baseConfigurationReference = 4E289ED1B38B9CFF080F4DD2 /* Pods-Todoey-app.release.xcconfig */;
			buildSettings = {
				ASSETCATALOG_COMPILER_APPICON_NAME = AppIcon;
				ASSETCATALOG_COMPILER_GLOBAL_ACCENT_COLOR_NAME = AccentColor;
				CODE_SIGN_STYLE = Automatic;
				CURRENT_PROJECT_VERSION = 1;
				DEVELOPMENT_TEAM = K7YS9N6MSY;
				GENERATE_INFOPLIST_FILE = YES;
				INFOPLIST_FILE = "Todoey-app/Info.plist";
				INFOPLIST_KEY_UIApplicationSupportsIndirectInputEvents = YES;
				INFOPLIST_KEY_UILaunchStoryboardName = LaunchScreen;
				INFOPLIST_KEY_UIMainStoryboardFile = Main;
				INFOPLIST_KEY_UISupportedInterfaceOrientations_iPad = "UIInterfaceOrientationPortrait UIInterfaceOrientationPortraitUpsideDown UIInterfaceOrientationLandscapeLeft UIInterfaceOrientationLandscapeRight";
				INFOPLIST_KEY_UISupportedInterfaceOrientations_iPhone = "UIInterfaceOrientationPortrait UIInterfaceOrientationLandscapeLeft UIInterfaceOrientationLandscapeRight";
				LD_RUNPATH_SEARCH_PATHS = (
					"$(inherited)",
					"@executable_path/Frameworks",
				);
				MARKETING_VERSION = 1.0;
				PRODUCT_BUNDLE_IDENTIFIER = "com.stacysfish.Todoey-app";
				PRODUCT_NAME = "$(TARGET_NAME)";
				SWIFT_EMIT_LOC_STRINGS = YES;
				SWIFT_VERSION = 5.0;
				TARGETED_DEVICE_FAMILY = "1,2";
			};
			name = Release;
		};
/* End XCBuildConfiguration section */

/* Begin XCConfigurationList section */
		F084BC18285B95F900D6A9E8 /* Build configuration list for PBXProject "Todoey-app" */ = {
			isa = XCConfigurationList;
			buildConfigurations = (
				F084BC2F285B95FD00D6A9E8 /* Debug */,
				F084BC30285B95FD00D6A9E8 /* Release */,
			);
			defaultConfigurationIsVisible = 0;
			defaultConfigurationName = Release;
		};
		F084BC31285B95FD00D6A9E8 /* Build configuration list for PBXNativeTarget "Todoey-app" */ = {
			isa = XCConfigurationList;
			buildConfigurations = (
				F084BC32285B95FD00D6A9E8 /* Debug */,
				F084BC33285B95FD00D6A9E8 /* Release */,
			);
			defaultConfigurationIsVisible = 0;
			defaultConfigurationName = Release;
		};
/* End XCConfigurationList section */

/* Begin XCRemoteSwiftPackageReference section */
		F09B13B02860F8C4003E517F /* XCRemoteSwiftPackageReference "realm-swift.git" */ = {
			isa = XCRemoteSwiftPackageReference;
			repositoryURL = "https://github.com/realm/realm-swift.git";
			requirement = {
				kind = upToNextMajorVersion;
				minimumVersion = 10.19.0;
			};
		};
		F0DAA4502861E675008860BF /* XCRemoteSwiftPackageReference "SwipeCellKit" */ = {
			isa = XCRemoteSwiftPackageReference;
			repositoryURL = "https://github.com/SwipeCellKit/SwipeCellKit";
			requirement = {
				kind = upToNextMajorVersion;
				minimumVersion = 2.7.1;
			};
		};
/* End XCRemoteSwiftPackageReference section */

/* Begin XCSwiftPackageProductDependency section */
		F09B13B12860F8C4003E517F /* Realm */ = {
			isa = XCSwiftPackageProductDependency;
			package = F09B13B02860F8C4003E517F /* XCRemoteSwiftPackageReference "realm-swift.git" */;
			productName = Realm;
		};
		F09B13B32860F8C4003E517F /* RealmSwift */ = {
			isa = XCSwiftPackageProductDependency;
			package = F09B13B02860F8C4003E517F /* XCRemoteSwiftPackageReference "realm-swift.git" */;
			productName = RealmSwift;
		};
		F0DAA4512861E676008860BF /* SwipeCellKit */ = {
			isa = XCSwiftPackageProductDependency;
			package = F0DAA4502861E675008860BF /* XCRemoteSwiftPackageReference "SwipeCellKit" */;
			productName = SwipeCellKit;
		};
/* End XCSwiftPackageProductDependency section */
	};
	rootObject = F084BC15285B95F900D6A9E8 /* Project object */;
}
